
Microsoft Visual Studio Solution File, Format Version 12.00
# Visual Studio 15
Project("{FAE04EC0-301F-11D3-BF4B-00C04F79EFBC}") = "Game", "Game.csproj", "{69EC3E16-1548-10EE-537C-3F582FD0767F}"
EndProject
Project("{FAE04EC0-301F-11D3-BF4B-00C04F79EFBC}") = "Core", "Core.csproj", "{4AC7CA87-D36C-520A-77C9-A2E6F36CAF9C}"
EndProject
Project("{FAE04EC0-301F-11D3-BF4B-00C04F79EFBC}") = "Sirenix.OdinInspector.CompatibilityLayer", "Sirenix.OdinInspector.CompatibilityLayer.csproj", "{02CE3553-31FF-76E7-49F8-53A633CF849C}"
EndProject
Project("{FAE04EC0-301F-11D3-BF4B-00C04F79EFBC}") = "Editor", "Editor.csproj", "{241A8DD9-62D2-1472-9FCD-B9A0188F4322}"
EndProject
Project("{FAE04EC0-301F-11D3-BF4B-00C04F79EFBC}") = "Sirenix.OdinInspector.CompatibilityLayer.Editor", "Sirenix.OdinInspector.CompatibilityLayer.Editor.csproj", "{2B2E355B-6D0B-4169-F296-3E2AC6D15AD9}"
EndProject
Project("{FAE04EC0-301F-11D3-BF4B-00C04F79EFBC}") = "CoreTest", "CoreTest.csproj", "{A8A74A16-F1EB-D165-DAD6-D9460250B977}"
EndProject
Global
	GlobalSection(SolutionConfigurationPlatforms) = preSolution
		Debug|Any CPU = Debug|Any CPU
		Release|Any CPU = Release|Any CPU
	EndGlobalSection
	GlobalSection(ProjectConfigurationPlatforms) = postSolution
		{69EC3E16-1548-10EE-537C-3F582FD0767F}.Debug|Any CPU.ActiveCfg = Debug|Any CPU
		{69EC3E16-1548-10EE-537C-3F582FD0767F}.Debug|Any CPU.Build.0 = Debug|Any CPU
		{69EC3E16-1548-10EE-537C-3F582FD0767F}.Release|Any CPU.ActiveCfg = Release|Any CPU
		{69EC3E16-1548-10EE-537C-3F582FD0767F}.Release|Any CPU.Build.0 = Release|Any CPU
		{4AC7CA87-D36C-520A-77C9-A2E6F36CAF9C}.Debug|Any CPU.ActiveCfg = Debug|Any CPU
		{4AC7CA87-D36C-520A-77C9-A2E6F36CAF9C}.Debug|Any CPU.Build.0 = Debug|Any CPU
		{4AC7CA87-D36C-520A-77C9-A2E6F36CAF9C}.Release|Any CPU.ActiveCfg = Release|Any CPU
		{4AC7CA87-D36C-520A-77C9-A2E6F36CAF9C}.Release|Any CPU.Build.0 = Release|Any CPU
		{02CE3553-31FF-76E7-49F8-53A633CF849C}.Debug|Any CPU.ActiveCfg = Debug|Any CPU
		{02CE3553-31FF-76E7-49F8-53A633CF849C}.Debug|Any CPU.Build.0 = Debug|Any CPU
		{02CE3553-31FF-76E7-49F8-53A633CF849C}.Release|Any CPU.ActiveCfg = Release|Any CPU
		{02CE3553-31FF-76E7-49F8-53A633CF849C}.Release|Any CPU.Build.0 = Release|Any CPU
		{241A8DD9-62D2-1472-9FCD-B9A0188F4322}.Debug|Any CPU.ActiveCfg = Debug|Any CPU
		{241A8DD9-62D2-1472-9FCD-B9A0188F4322}.Debug|Any CPU.Build.0 = Debug|Any CPU
		{241A8DD9-62D2-1472-9FCD-B9A0188F4322}.Release|Any CPU.ActiveCfg = Release|Any CPU
		{241A8DD9-62D2-1472-9FCD-B9A0188F4322}.Release|Any CPU.Build.0 = Release|Any CPU
		{2B2E355B-6D0B-4169-F296-3E2AC6D15AD9}.Debug|Any CPU.ActiveCfg = Debug|Any CPU
		{2B2E355B-6D0B-4169-F296-3E2AC6D15AD9}.Debug|Any CPU.Build.0 = Debug|Any CPU
		{2B2E355B-6D0B-4169-F296-3E2AC6D15AD9}.Release|Any CPU.ActiveCfg = Release|Any CPU
		{2B2E355B-6D0B-4169-F296-3E2AC6D15AD9}.Release|Any CPU.Build.0 = Release|Any CPU
		{A8A74A16-F1EB-D165-DAD6-D9460250B977}.Debug|Any CPU.ActiveCfg = Debug|Any CPU
		{A8A74A16-F1EB-D165-DAD6-D9460250B977}.Debug|Any CPU.Build.0 = Debug|Any CPU
		{A8A74A16-F1EB-D165-DAD6-D9460250B977}.Release|Any CPU.ActiveCfg = Release|Any CPU
		{A8A74A16-F1EB-D165-DAD6-D9460250B977}.Release|Any CPU.Build.0 = Release|Any CPU
	EndGlobalSection
	GlobalSection(SolutionProperties) = preSolution
		HideSolutionNode = FALSE
	EndGlobalSection
EndGlobal
